
Microsoft Visual Studio Solution File, Format Version 12.00
# Visual Studio Version 16
VisualStudioVersion = 16.0.30114.105
MinimumVisualStudioVersion = 10.0.40219.1
Project("{2150E333-8FDC-42A3-9474-1A3956D46DE8}") = "src", "src", "{59561C61-E150-4344-8F03-BC47513C268B}"
EndProject
Project("{FAE04EC0-301F-11D3-BF4B-00C04F79EFBC}") = "BFF", "src\BFF\BFF.csproj", "{C07A86D2-28C4-42D7-96A1-C61FCA58146C}"
EndProject
Project("{FAE04EC0-301F-11D3-BF4B-00C04F79EFBC}") = "Integrations.API", "src\Integrations.API\Integrations.API.csproj", "{416E6E26-CB50-4073-A3B2-AD47D0DF92C9}"
EndProject
Project("{2150E333-8FDC-42A3-9474-1A3956D46DE8}") = "Modules", "Modules", "{1BFFEFD6-7AF0-4954-A85C-91B6E2F8DD31}"
EndProject
Project("{FAE04EC0-301F-11D3-BF4B-00C04F79EFBC}") = "Orders", "src\Modules\Orders\Orders.csproj", "{44FBD07B-0CAE-4152-B439-DC9CE4B14208}"
EndProject
Project("{FAE04EC0-301F-11D3-BF4B-00C04F79EFBC}") = "Products", "src\Modules\Products\Products.csproj", "{36942003-AB5B-4232-BF92-CBE4B2DCC546}"
EndProject
Global
	GlobalSection(SolutionConfigurationPlatforms) = preSolution
		Debug|Any CPU = Debug|Any CPU
		Debug|x64 = Debug|x64
		Debug|x86 = Debug|x86
		Release|Any CPU = Release|Any CPU
		Release|x64 = Release|x64
		Release|x86 = Release|x86
	EndGlobalSection
	GlobalSection(SolutionProperties) = preSolution
		HideSolutionNode = FALSE
	EndGlobalSection
	GlobalSection(ProjectConfigurationPlatforms) = postSolution
		{C07A86D2-28C4-42D7-96A1-C61FCA58146C}.Debug|Any CPU.ActiveCfg = Debug|Any CPU
		{C07A86D2-28C4-42D7-96A1-C61FCA58146C}.Debug|Any CPU.Build.0 = Debug|Any CPU
		{C07A86D2-28C4-42D7-96A1-C61FCA58146C}.Debug|x64.ActiveCfg = Debug|Any CPU
		{C07A86D2-28C4-42D7-96A1-C61FCA58146C}.Debug|x64.Build.0 = Debug|Any CPU
		{C07A86D2-28C4-42D7-96A1-C61FCA58146C}.Debug|x86.ActiveCfg = Debug|Any CPU
		{C07A86D2-28C4-42D7-96A1-C61FCA58146C}.Debug|x86.Build.0 = Debug|Any CPU
		{C07A86D2-28C4-42D7-96A1-C61FCA58146C}.Release|Any CPU.ActiveCfg = Release|Any CPU
		{C07A86D2-28C4-42D7-96A1-C61FCA58146C}.Release|Any CPU.Build.0 = Release|Any CPU
		{C07A86D2-28C4-42D7-96A1-C61FCA58146C}.Release|x64.ActiveCfg = Release|Any CPU
		{C07A86D2-28C4-42D7-96A1-C61FCA58146C}.Release|x64.Build.0 = Release|Any CPU
		{C07A86D2-28C4-42D7-96A1-C61FCA58146C}.Release|x86.ActiveCfg = Release|Any CPU
		{C07A86D2-28C4-42D7-96A1-C61FCA58146C}.Release|x86.Build.0 = Release|Any CPU
		{416E6E26-CB50-4073-A3B2-AD47D0DF92C9}.Debug|Any CPU.ActiveCfg = Debug|Any CPU
		{416E6E26-CB50-4073-A3B2-AD47D0DF92C9}.Debug|Any CPU.Build.0 = Debug|Any CPU
		{416E6E26-CB50-4073-A3B2-AD47D0DF92C9}.Debug|x64.ActiveCfg = Debug|Any CPU
		{416E6E26-CB50-4073-A3B2-AD47D0DF92C9}.Debug|x64.Build.0 = Debug|Any CPU
		{416E6E26-CB50-4073-A3B2-AD47D0DF92C9}.Debug|x86.ActiveCfg = Debug|Any CPU
		{416E6E26-CB50-4073-A3B2-AD47D0DF92C9}.Debug|x86.Build.0 = Debug|Any CPU
		{416E6E26-CB50-4073-A3B2-AD47D0DF92C9}.Release|Any CPU.ActiveCfg = Release|Any CPU
		{416E6E26-CB50-4073-A3B2-AD47D0DF92C9}.Release|Any CPU.Build.0 = Release|Any CPU
		{416E6E26-CB50-4073-A3B2-AD47D0DF92C9}.Release|x64.ActiveCfg = Release|Any CPU
		{416E6E26-CB50-4073-A3B2-AD47D0DF92C9}.Release|x64.Build.0 = Release|Any CPU
		{416E6E26-CB50-4073-A3B2-AD47D0DF92C9}.Release|x86.ActiveCfg = Release|Any CPU
		{416E6E26-CB50-4073-A3B2-AD47D0DF92C9}.Release|x86.Build.0 = Release|Any CPU
		{44FBD07B-0CAE-4152-B439-DC9CE4B14208}.Debug|Any CPU.ActiveCfg = Debug|Any CPU
		{44FBD07B-0CAE-4152-B439-DC9CE4B14208}.Debug|Any CPU.Build.0 = Debug|Any CPU
		{44FBD07B-0CAE-4152-B439-DC9CE4B14208}.Debug|x64.ActiveCfg = Debug|Any CPU
		{44FBD07B-0CAE-4152-B439-DC9CE4B14208}.Debug|x64.Build.0 = Debug|Any CPU
		{44FBD07B-0CAE-4152-B439-DC9CE4B14208}.Debug|x86.ActiveCfg = Debug|Any CPU
		{44FBD07B-0CAE-4152-B439-DC9CE4B14208}.Debug|x86.Build.0 = Debug|Any CPU
		{44FBD07B-0CAE-4152-B439-DC9CE4B14208}.Release|Any CPU.ActiveCfg = Release|Any CPU
		{44FBD07B-0CAE-4152-B439-DC9CE4B14208}.Release|Any CPU.Build.0 = Release|Any CPU
		{44FBD07B-0CAE-4152-B439-DC9CE4B14208}.Release|x64.ActiveCfg = Release|Any CPU
		{44FBD07B-0CAE-4152-B439-DC9CE4B14208}.Release|x64.Build.0 = Release|Any CPU
		{44FBD07B-0CAE-4152-B439-DC9CE4B14208}.Release|x86.ActiveCfg = Release|Any CPU
		{44FBD07B-0CAE-4152-B439-DC9CE4B14208}.Release|x86.Build.0 = Release|Any CPU
		{36942003-AB5B-4232-BF92-CBE4B2DCC546}.Debug|Any CPU.ActiveCfg = Debug|Any CPU
		{36942003-AB5B-4232-BF92-CBE4B2DCC546}.Debug|Any CPU.Build.0 = Debug|Any CPU
		{36942003-AB5B-4232-BF92-CBE4B2DCC546}.Debug|x64.ActiveCfg = Debug|Any CPU
		{36942003-AB5B-4232-BF92-CBE4B2DCC546}.Debug|x64.Build.0 = Debug|Any CPU
		{36942003-AB5B-4232-BF92-CBE4B2DCC546}.Debug|x86.ActiveCfg = Debug|Any CPU
		{36942003-AB5B-4232-BF92-CBE4B2DCC546}.Debug|x86.Build.0 = Debug|Any CPU
		{36942003-AB5B-4232-BF92-CBE4B2DCC546}.Release|Any CPU.ActiveCfg = Release|Any CPU
		{36942003-AB5B-4232-BF92-CBE4B2DCC546}.Release|Any CPU.Build.0 = Release|Any CPU
		{36942003-AB5B-4232-BF92-CBE4B2DCC546}.Release|x64.ActiveCfg = Release|Any CPU
		{36942003-AB5B-4232-BF92-CBE4B2DCC546}.Release|x64.Build.0 = Release|Any CPU
		{36942003-AB5B-4232-BF92-CBE4B2DCC546}.Release|x86.ActiveCfg = Release|Any CPU
		{36942003-AB5B-4232-BF92-CBE4B2DCC546}.Release|x86.Build.0 = Release|Any CPU
	EndGlobalSection
	GlobalSection(NestedProjects) = preSolution
		{C07A86D2-28C4-42D7-96A1-C61FCA58146C} = {59561C61-E150-4344-8F03-BC47513C268B}
		{416E6E26-CB50-4073-A3B2-AD47D0DF92C9} = {59561C61-E150-4344-8F03-BC47513C268B}
		{1BFFEFD6-7AF0-4954-A85C-91B6E2F8DD31} = {59561C61-E150-4344-8F03-BC47513C268B}
		{44FBD07B-0CAE-4152-B439-DC9CE4B14208} = {1BFFEFD6-7AF0-4954-A85C-91B6E2F8DD31}
		{36942003-AB5B-4232-BF92-CBE4B2DCC546} = {1BFFEFD6-7AF0-4954-A85C-91B6E2F8DD31}
	EndGlobalSection
EndGlobal
