
Microsoft Visual Studio Solution File, Format Version 12.00
# Visual Studio Version 16
VisualStudioVersion = 16.0.30114.105
MinimumVisualStudioVersion = 10.0.40219.1
Project("{FAE04EC0-301F-11D3-BF4B-00C04F79EFBC}") = "BFF", "BFF\BFF.csproj", "{128EE628-286C-4250-9B5E-03C2C1A0DF1D}"
EndProject
Project("{FAE04EC0-301F-11D3-BF4B-00C04F79EFBC}") = "Integrations.API", "Integrations.API\Integrations.API.csproj", "{FFC0C0C4-AC46-4BED-B982-2300FE61A116}"
EndProject
Project("{FAE04EC0-301F-11D3-BF4B-00C04F79EFBC}") = "Orders", "Orders\Orders.csproj", "{F9F6D48E-C3DB-4B37-B497-39D99DFDE4C9}"
EndProject
Project("{FAE04EC0-301F-11D3-BF4B-00C04F79EFBC}") = "Products", "Products\Products.csproj", "{7D78924D-BDC8-4CFC-AE12-A6770A3591B2}"
EndProject
Global
	GlobalSection(SolutionConfigurationPlatforms) = preSolution
		Debug|Any CPU = Debug|Any CPU
		Debug|x64 = Debug|x64
		Debug|x86 = Debug|x86
		Release|Any CPU = Release|Any CPU
		Release|x64 = Release|x64
		Release|x86 = Release|x86
	EndGlobalSection
	GlobalSection(SolutionProperties) = preSolution
		HideSolutionNode = FALSE
	EndGlobalSection
	GlobalSection(ProjectConfigurationPlatforms) = postSolution
		{128EE628-286C-4250-9B5E-03C2C1A0DF1D}.Debug|Any CPU.ActiveCfg = Debug|Any CPU
		{128EE628-286C-4250-9B5E-03C2C1A0DF1D}.Debug|Any CPU.Build.0 = Debug|Any CPU
		{128EE628-286C-4250-9B5E-03C2C1A0DF1D}.Debug|x64.ActiveCfg = Debug|Any CPU
		{128EE628-286C-4250-9B5E-03C2C1A0DF1D}.Debug|x64.Build.0 = Debug|Any CPU
		{128EE628-286C-4250-9B5E-03C2C1A0DF1D}.Debug|x86.ActiveCfg = Debug|Any CPU
		{128EE628-286C-4250-9B5E-03C2C1A0DF1D}.Debug|x86.Build.0 = Debug|Any CPU
		{128EE628-286C-4250-9B5E-03C2C1A0DF1D}.Release|Any CPU.ActiveCfg = Release|Any CPU
		{128EE628-286C-4250-9B5E-03C2C1A0DF1D}.Release|Any CPU.Build.0 = Release|Any CPU
		{128EE628-286C-4250-9B5E-03C2C1A0DF1D}.Release|x64.ActiveCfg = Release|Any CPU
		{128EE628-286C-4250-9B5E-03C2C1A0DF1D}.Release|x64.Build.0 = Release|Any CPU
		{128EE628-286C-4250-9B5E-03C2C1A0DF1D}.Release|x86.ActiveCfg = Release|Any CPU
		{128EE628-286C-4250-9B5E-03C2C1A0DF1D}.Release|x86.Build.0 = Release|Any CPU
		{FFC0C0C4-AC46-4BED-B982-2300FE61A116}.Debug|Any CPU.ActiveCfg = Debug|Any CPU
		{FFC0C0C4-AC46-4BED-B982-2300FE61A116}.Debug|Any CPU.Build.0 = Debug|Any CPU
		{FFC0C0C4-AC46-4BED-B982-2300FE61A116}.Debug|x64.ActiveCfg = Debug|Any CPU
		{FFC0C0C4-AC46-4BED-B982-2300FE61A116}.Debug|x64.Build.0 = Debug|Any CPU
		{FFC0C0C4-AC46-4BED-B982-2300FE61A116}.Debug|x86.ActiveCfg = Debug|Any CPU
		{FFC0C0C4-AC46-4BED-B982-2300FE61A116}.Debug|x86.Build.0 = Debug|Any CPU
		{FFC0C0C4-AC46-4BED-B982-2300FE61A116}.Release|Any CPU.ActiveCfg = Release|Any CPU
		{FFC0C0C4-AC46-4BED-B982-2300FE61A116}.Release|Any CPU.Build.0 = Release|Any CPU
		{FFC0C0C4-AC46-4BED-B982-2300FE61A116}.Release|x64.ActiveCfg = Release|Any CPU
		{FFC0C0C4-AC46-4BED-B982-2300FE61A116}.Release|x64.Build.0 = Release|Any CPU
		{FFC0C0C4-AC46-4BED-B982-2300FE61A116}.Release|x86.ActiveCfg = Release|Any CPU
		{FFC0C0C4-AC46-4BED-B982-2300FE61A116}.Release|x86.Build.0 = Release|Any CPU
		{F9F6D48E-C3DB-4B37-B497-39D99DFDE4C9}.Debug|Any CPU.ActiveCfg = Debug|Any CPU
		{F9F6D48E-C3DB-4B37-B497-39D99DFDE4C9}.Debug|Any CPU.Build.0 = Debug|Any CPU
		{F9F6D48E-C3DB-4B37-B497-39D99DFDE4C9}.Debug|x64.ActiveCfg = Debug|Any CPU
		{F9F6D48E-C3DB-4B37-B497-39D99DFDE4C9}.Debug|x64.Build.0 = Debug|Any CPU
		{F9F6D48E-C3DB-4B37-B497-39D99DFDE4C9}.Debug|x86.ActiveCfg = Debug|Any CPU
		{F9F6D48E-C3DB-4B37-B497-39D99DFDE4C9}.Debug|x86.Build.0 = Debug|Any CPU
		{F9F6D48E-C3DB-4B37-B497-39D99DFDE4C9}.Release|Any CPU.ActiveCfg = Release|Any CPU
		{F9F6D48E-C3DB-4B37-B497-39D99DFDE4C9}.Release|Any CPU.Build.0 = Release|Any CPU
		{F9F6D48E-C3DB-4B37-B497-39D99DFDE4C9}.Release|x64.ActiveCfg = Release|Any CPU
		{F9F6D48E-C3DB-4B37-B497-39D99DFDE4C9}.Release|x64.Build.0 = Release|Any CPU
		{F9F6D48E-C3DB-4B37-B497-39D99DFDE4C9}.Release|x86.ActiveCfg = Release|Any CPU
		{F9F6D48E-C3DB-4B37-B497-39D99DFDE4C9}.Release|x86.Build.0 = Release|Any CPU
		{7D78924D-BDC8-4CFC-AE12-A6770A3591B2}.Debug|Any CPU.ActiveCfg = Debug|Any CPU
		{7D78924D-BDC8-4CFC-AE12-A6770A3591B2}.Debug|Any CPU.Build.0 = Debug|Any CPU
		{7D78924D-BDC8-4CFC-AE12-A6770A3591B2}.Debug|x64.ActiveCfg = Debug|Any CPU
		{7D78924D-BDC8-4CFC-AE12-A6770A3591B2}.Debug|x64.Build.0 = Debug|Any CPU
		{7D78924D-BDC8-4CFC-AE12-A6770A3591B2}.Debug|x86.ActiveCfg = Debug|Any CPU
		{7D78924D-BDC8-4CFC-AE12-A6770A3591B2}.Debug|x86.Build.0 = Debug|Any CPU
		{7D78924D-BDC8-4CFC-AE12-A6770A3591B2}.Release|Any CPU.ActiveCfg = Release|Any CPU
		{7D78924D-BDC8-4CFC-AE12-A6770A3591B2}.Release|Any CPU.Build.0 = Release|Any CPU
		{7D78924D-BDC8-4CFC-AE12-A6770A3591B2}.Release|x64.ActiveCfg = Release|Any CPU
		{7D78924D-BDC8-4CFC-AE12-A6770A3591B2}.Release|x64.Build.0 = Release|Any CPU
		{7D78924D-BDC8-4CFC-AE12-A6770A3591B2}.Release|x86.ActiveCfg = Release|Any CPU
		{7D78924D-BDC8-4CFC-AE12-A6770A3591B2}.Release|x86.Build.0 = Release|Any CPU
	EndGlobalSection
EndGlobal
